
Microsoft Visual Studio Solution File, Format Version 12.00
# Visual Studio Version 17
VisualStudioVersion = 17.8.34525.116
MinimumVisualStudioVersion = 10.0.40219.1
Project("{FAE04EC0-301F-11D3-BF4B-00C04F79EFBC}") = "SudokuSolver", "SudokuSolver\SudokuSolver.csproj", "{86C597FC-D7FD-4F3A-87C4-AAE15A500F42}"
EndProject
Global
	GlobalSection(SolutionConfigurationPlatforms) = preSolution
		Debug|Any CPU = Debug|Any CPU
		Release|Any CPU = Release|Any CPU
	EndGlobalSection
	GlobalSection(ProjectConfigurationPlatforms) = postSolution
		{86C597FC-D7FD-4F3A-87C4-AAE15A500F42}.Debug|Any CPU.ActiveCfg = Debug|Any CPU
		{86C597FC-D7FD-4F3A-87C4-AAE15A500F42}.Debug|Any CPU.Build.0 = Debug|Any CPU
		{86C597FC-D7FD-4F3A-87C4-AAE15A500F42}.Release|Any CPU.ActiveCfg = Release|Any CPU
		{86C597FC-D7FD-4F3A-87C4-AAE15A500F42}.Release|Any CPU.Build.0 = Release|Any CPU
	EndGlobalSection
	GlobalSection(SolutionProperties) = preSolution
		HideSolutionNode = FALSE
	EndGlobalSection
	GlobalSection(ExtensibilityGlobals) = postSolution
		SolutionGuid = {7A2B74CC-69D7-4AE0-87B1-55934246A66E}
	EndGlobalSection
EndGlobal
